// !$*UTF8*$!
{
	archiveVersion = 1;
	classes = {
	};
	objectVersion = 48;
	objects = {

/* Begin PBXBuildFile section */
		13D001B76F50D776DC06FDD1 /* Pods_Weasley_Planner.framework in Frameworks */ = {isa = PBXBuildFile; fileRef = 97FEA11C4ED9CB50D78DC1C2 /* Pods_Weasley_Planner.framework */; };
		9B124EB02037B338007D34BC /* AddRecipeVC.swift in Sources */ = {isa = PBXBuildFile; fileRef = 9B124EAF2037B338007D34BC /* AddRecipeVC.swift */; };
		9B124ED42038F3C7007D34BC /* Assets.xcassets in Resources */ = {isa = PBXBuildFile; fileRef = 9B124ED32038F3C7007D34BC /* Assets.xcassets */; };
		9B124EE12038F424007D34BC /* ModernSearchBar.swift in Sources */ = {isa = PBXBuildFile; fileRef = 9B124EE02038F424007D34BC /* ModernSearchBar.swift */; };
		9B124EE32038F447007D34BC /* ModernSearchBarCell.swift in Sources */ = {isa = PBXBuildFile; fileRef = 9B124EE22038F447007D34BC /* ModernSearchBarCell.swift */; };
		9B124EE52038F480007D34BC /* ModernSearchBarDelegate.swift in Sources */ = {isa = PBXBuildFile; fileRef = 9B124EE42038F480007D34BC /* ModernSearchBarDelegate.swift */; };
		9B124EE72038F499007D34BC /* ModernSearchBarIcon.swift in Sources */ = {isa = PBXBuildFile; fileRef = 9B124EE62038F499007D34BC /* ModernSearchBarIcon.swift */; };
		9B124EE92038F4B8007D34BC /* ModernSearchBarModel.swift in Sources */ = {isa = PBXBuildFile; fileRef = 9B124EE82038F4B8007D34BC /* ModernSearchBarModel.swift */; };
		9B124EEB2039D53B007D34BC /* Assets.xcassets in Resources */ = {isa = PBXBuildFile; fileRef = 9B124EEA2039D53B007D34BC /* Assets.xcassets */; };
		9B130EC7203DC83B0022C992 /* ViewFirebaseRecipeVC.swift in Sources */ = {isa = PBXBuildFile; fileRef = 9B130EC6203DC83B0022C992 /* ViewFirebaseRecipeVC.swift */; };
		9B130EC9203DF8560022C992 /* ArrayExtension.swift in Sources */ = {isa = PBXBuildFile; fileRef = 9B130EC8203DF8560022C992 /* ArrayExtension.swift */; };
		9B1E98D52040A29900A23118 /* DateExtension.swift in Sources */ = {isa = PBXBuildFile; fileRef = 9B1E98D42040A29900A23118 /* DateExtension.swift */; };
		9B1E98D72040A5EE00A23118 /* EventCell.swift in Sources */ = {isa = PBXBuildFile; fileRef = 9B1E98D62040A5EE00A23118 /* EventCell.swift */; };
		9B1E990520458AC700A23118 /* AddEventVC.swift in Sources */ = {isa = PBXBuildFile; fileRef = 9B1E990420458AC700A23118 /* AddEventVC.swift */; };
		9B1E990720458D7B00A23118 /* AddEventLayout.swift in Sources */ = {isa = PBXBuildFile; fileRef = 9B1E990620458D7A00A23118 /* AddEventLayout.swift */; };
		9B1E990920458DC100A23118 /* AddEventFirebase.swift in Sources */ = {isa = PBXBuildFile; fileRef = 9B1E990820458DC100A23118 /* AddEventFirebase.swift */; };
		9B1E990F2045B63500A23118 /* UIViewControllerExtension.swift in Sources */ = {isa = PBXBuildFile; fileRef = 9B1E990E2045B63500A23118 /* UIViewControllerExtension.swift */; };
		9B644D30202F4C7B003B6A50 /* TextButton.swift in Sources */ = {isa = PBXBuildFile; fileRef = 9B644D2F202F4C7B003B6A50 /* TextButton.swift */; };
		9B644D32202F815A003B6A50 /* FirebaseLoginLayout.swift in Sources */ = {isa = PBXBuildFile; fileRef = 9B644D31202F815A003B6A50 /* FirebaseLoginLayout.swift */; };
		9B644D34202F818C003B6A50 /* FirebaseLoginFirebase.swift in Sources */ = {isa = PBXBuildFile; fileRef = 9B644D33202F818C003B6A50 /* FirebaseLoginFirebase.swift */; };
		9B644D37202FC6C1003B6A50 /* User.swift in Sources */ = {isa = PBXBuildFile; fileRef = 9B644D36202FC6C1003B6A50 /* User.swift */; };
		9B644D39203063DD003B6A50 /* MainFirebase.swift in Sources */ = {isa = PBXBuildFile; fileRef = 9B644D38203063DD003B6A50 /* MainFirebase.swift */; };
		9B644D3B20308BD6003B6A50 /* UserCell.swift in Sources */ = {isa = PBXBuildFile; fileRef = 9B644D3A20308BD6003B6A50 /* UserCell.swift */; };
		9B9C70672049B67700F61248 /* LocationCell.swift in Sources */ = {isa = PBXBuildFile; fileRef = 9B9C70662049B67700F61248 /* LocationCell.swift */; };
		9BA1F0A9204AD7E600B44843 /* RecurrenceView.swift in Sources */ = {isa = PBXBuildFile; fileRef = 9BA1F0A8204AD7E600B44843 /* RecurrenceView.swift */; };
		9BA7B0DA2030A07E002886DF /* RecipeListVC.swift in Sources */ = {isa = PBXBuildFile; fileRef = 9BA7B0D92030A07E002886DF /* RecipeListVC.swift */; };
		9BA7B0DD2030A11F002886DF /* SettingsVC.swift in Sources */ = {isa = PBXBuildFile; fileRef = 9BA7B0DC2030A11F002886DF /* SettingsVC.swift */; };
		9BA7B0DF2030E323002886DF /* CalendarLayout.swift in Sources */ = {isa = PBXBuildFile; fileRef = 9BA7B0DE2030E323002886DF /* CalendarLayout.swift */; };
		9BA7B0E22030E3D9002886DF /* Alertable.swift in Sources */ = {isa = PBXBuildFile; fileRef = 9BA7B0E12030E3D9002886DF /* Alertable.swift */; };
		9BA7B0E420312783002886DF /* SettingsLayout.swift in Sources */ = {isa = PBXBuildFile; fileRef = 9BA7B0E320312783002886DF /* SettingsLayout.swift */; };
		9BA7B0E8203134B9002886DF /* Event.swift in Sources */ = {isa = PBXBuildFile; fileRef = 9BA7B0E7203134B9002886DF /* Event.swift */; };
		9BA7B0EA20313748002886DF /* CalendarFirebase.swift in Sources */ = {isa = PBXBuildFile; fileRef = 9BA7B0E920313748002886DF /* CalendarFirebase.swift */; };
		9BA7B0EC2031FC63002886DF /* SettingsFirebase.swift in Sources */ = {isa = PBXBuildFile; fileRef = 9BA7B0EB2031FC63002886DF /* SettingsFirebase.swift */; };
		9BA7B0F020332E35002886DF /* MapDelegate.swift in Sources */ = {isa = PBXBuildFile; fileRef = 9BA7B0EF20332E35002886DF /* MapDelegate.swift */; };
		9BA7B0FB203512D0002886DF /* RecipeListLayout.swift in Sources */ = {isa = PBXBuildFile; fileRef = 9BA7B0FA203512D0002886DF /* RecipeListLayout.swift */; };
		9BA7B0FD2035131A002886DF /* RecipeListFirebase.swift in Sources */ = {isa = PBXBuildFile; fileRef = 9BA7B0FC2035131A002886DF /* RecipeListFirebase.swift */; };
		9BA7B0FF203513EF002886DF /* ShoppingListLayout.swift in Sources */ = {isa = PBXBuildFile; fileRef = 9BA7B0FE203513EF002886DF /* ShoppingListLayout.swift */; };
		9BA7B101203513FD002886DF /* ShoppingListFirebase.swift in Sources */ = {isa = PBXBuildFile; fileRef = 9BA7B100203513FD002886DF /* ShoppingListFirebase.swift */; };
		9BA7B1032035147E002886DF /* Item.swift in Sources */ = {isa = PBXBuildFile; fileRef = 9BA7B1022035147E002886DF /* Item.swift */; };
		9BA7B105203517F7002886DF /* ShoppingCell.swift in Sources */ = {isa = PBXBuildFile; fileRef = 9BA7B104203517F7002886DF /* ShoppingCell.swift */; };
		9BA7B1072035AA34002886DF /* StringExtension.swift in Sources */ = {isa = PBXBuildFile; fileRef = 9BA7B1062035AA34002886DF /* StringExtension.swift */; };
		9BC2E15B202CE8BF000B8E15 /* AppDelegate.swift in Sources */ = {isa = PBXBuildFile; fileRef = 9BC2E15A202CE8BF000B8E15 /* AppDelegate.swift */; };
		9BC2E15D202CE8BF000B8E15 /* MainVC.swift in Sources */ = {isa = PBXBuildFile; fileRef = 9BC2E15C202CE8BF000B8E15 /* MainVC.swift */; };
		9BC2E160202CE8BF000B8E15 /* Main.storyboard in Resources */ = {isa = PBXBuildFile; fileRef = 9BC2E15E202CE8BF000B8E15 /* Main.storyboard */; };
		9BC2E165202CE8BF000B8E15 /* LaunchScreen.storyboard in Resources */ = {isa = PBXBuildFile; fileRef = 9BC2E163202CE8BF000B8E15 /* LaunchScreen.storyboard */; };
		9BC2E16F202CE973000B8E15 /* MainLayout.swift in Sources */ = {isa = PBXBuildFile; fileRef = 9BC2E16E202CE973000B8E15 /* MainLayout.swift */; };
		9BC2E174202CE9F3000B8E15 /* SidePaneLayout.swift in Sources */ = {isa = PBXBuildFile; fileRef = 9BC2E173202CE9F3000B8E15 /* SidePaneLayout.swift */; };
		9BC2E178202CEA1C000B8E15 /* TitleBar.swift in Sources */ = {isa = PBXBuildFile; fileRef = 9BC2E177202CEA1C000B8E15 /* TitleBar.swift */; };
		9BC2E17A202CEA58000B8E15 /* SidePaneVC.swift in Sources */ = {isa = PBXBuildFile; fileRef = 9BC2E179202CEA58000B8E15 /* SidePaneVC.swift */; };
		9BC2E17D202CEADD000B8E15 /* Constants.swift in Sources */ = {isa = PBXBuildFile; fileRef = 9BC2E17C202CEADD000B8E15 /* Constants.swift */; };
		9BC2E188202CF903000B8E15 /* Harry P.ttf in Resources */ = {isa = PBXBuildFile; fileRef = 9BC2E183202CF0DA000B8E15 /* Harry P.ttf */; };
		9BC2E18B202CFB73000B8E15 /* SlideInPresentationAnimator.swift in Sources */ = {isa = PBXBuildFile; fileRef = 9BC2E18A202CFB73000B8E15 /* SlideInPresentationAnimator.swift */; };
		9BC2E18D202CFB7F000B8E15 /* SlideInPresentationController.swift in Sources */ = {isa = PBXBuildFile; fileRef = 9BC2E18C202CFB7F000B8E15 /* SlideInPresentationController.swift */; };
		9BC2E18F202CFB89000B8E15 /* SlideInPresentationManager.swift in Sources */ = {isa = PBXBuildFile; fileRef = 9BC2E18E202CFB89000B8E15 /* SlideInPresentationManager.swift */; };
		9BC2E191202DC781000B8E15 /* DataHandler.swift in Sources */ = {isa = PBXBuildFile; fileRef = 9BC2E190202DC781000B8E15 /* DataHandler.swift */; };
		9BC2E197202DCA70000B8E15 /* CalendarVC.swift in Sources */ = {isa = PBXBuildFile; fileRef = 9BC2E196202DCA70000B8E15 /* CalendarVC.swift */; };
		9BC2E19D202DCA95000B8E15 /* ShoppingListVC.swift in Sources */ = {isa = PBXBuildFile; fileRef = 9BC2E19C202DCA95000B8E15 /* ShoppingListVC.swift */; };
		9BC2E19F202DCB0F000B8E15 /* UserPane.swift in Sources */ = {isa = PBXBuildFile; fileRef = 9BC2E19E202DCB0F000B8E15 /* UserPane.swift */; };
		9BCF3872202DD67700617558 /* GoogleService-Info.plist in Resources */ = {isa = PBXBuildFile; fileRef = 9BCF3871202DD67700617558 /* GoogleService-Info.plist */; };
		9BCF3874202DEA2500617558 /* UIButtonExtension.swift in Sources */ = {isa = PBXBuildFile; fileRef = 9BCF3873202DEA2500617558 /* UIButtonExtension.swift */; };
		9BCF3877202DF42A00617558 /* FirebaseLoginVC.swift in Sources */ = {isa = PBXBuildFile; fileRef = 9BCF3876202DF42A00617558 /* FirebaseLoginVC.swift */; };
		9BCF3879202DF4B000617558 /* InputView.swift in Sources */ = {isa = PBXBuildFile; fileRef = 9BCF3878202DF4B000617558 /* InputView.swift */; };
		9BF398BB2039EB0D0009FC33 /* Connection.swift in Sources */ = {isa = PBXBuildFile; fileRef = 9BF398BA2039EB0D0009FC33 /* Connection.swift */; };
		9BF398BD2039F67F0009FC33 /* Recipe.swift in Sources */ = {isa = PBXBuildFile; fileRef = 9BF398BC2039F67F0009FC33 /* Recipe.swift */; };
		9BF398BF2039FB940009FC33 /* RecipeCell.swift in Sources */ = {isa = PBXBuildFile; fileRef = 9BF398BE2039FB940009FC33 /* RecipeCell.swift */; };
		9BF398C1203B18130009FC33 /* AddRecipeLayout.swift in Sources */ = {isa = PBXBuildFile; fileRef = 9BF398C0203B18130009FC33 /* AddRecipeLayout.swift */; };
		9BF398C3203B18460009FC33 /* AddRecipeFirebase.swift in Sources */ = {isa = PBXBuildFile; fileRef = 9BF398C2203B18460009FC33 /* AddRecipeFirebase.swift */; };
		9BF398C5203B93C40009FC33 /* PickerView.swift in Sources */ = {isa = PBXBuildFile; fileRef = 9BF398C4203B93C40009FC33 /* PickerView.swift */; };
		9BF398C7203BCBB60009FC33 /* PhotoDelegate.swift in Sources */ = {isa = PBXBuildFile; fileRef = 9BF398C6203BCBB60009FC33 /* PhotoDelegate.swift */; };
		9BF398C9203C46C40009FC33 /* TextDelegate.swift in Sources */ = {isa = PBXBuildFile; fileRef = 9BF398C8203C46C40009FC33 /* TextDelegate.swift */; };
		9BF398CB203C69130009FC33 /* UIDeviceExtension.swift in Sources */ = {isa = PBXBuildFile; fileRef = 9BF398CA203C69130009FC33 /* UIDeviceExtension.swift */; };
		9BF398CD203C693C0009FC33 /* UIViewExtension.swift in Sources */ = {isa = PBXBuildFile; fileRef = 9BF398CC203C693C0009FC33 /* UIViewExtension.swift */; };
		9BF398CF203C696A0009FC33 /* UITableViewCellExtension.swift in Sources */ = {isa = PBXBuildFile; fileRef = 9BF398CE203C696A0009FC33 /* UITableViewCellExtension.swift */; };
		9BF398D1203C69950009FC33 /* UIImageExtension.swift in Sources */ = {isa = PBXBuildFile; fileRef = 9BF398D0203C69950009FC33 /* UIImageExtension.swift */; };
		9BF398D3203CC1D30009FC33 /* DictionaryExtension.swift in Sources */ = {isa = PBXBuildFile; fileRef = 9BF398D2203CC1D30009FC33 /* DictionaryExtension.swift */; };
/* End PBXBuildFile section */

/* Begin PBXFileReference section */
		74012A726E5A09C37CC7BC02 /* Pods-Weasley Planner.debug.xcconfig */ = {isa = PBXFileReference; includeInIndex = 1; lastKnownFileType = text.xcconfig; name = "Pods-Weasley Planner.debug.xcconfig"; path = "Pods/Target Support Files/Pods-Weasley Planner/Pods-Weasley Planner.debug.xcconfig"; sourceTree = "<group>"; };
		97FEA11C4ED9CB50D78DC1C2 /* Pods_Weasley_Planner.framework */ = {isa = PBXFileReference; explicitFileType = wrapper.framework; includeInIndex = 0; path = Pods_Weasley_Planner.framework; sourceTree = BUILT_PRODUCTS_DIR; };
		9B124EAF2037B338007D34BC /* AddRecipeVC.swift */ = {isa = PBXFileReference; lastKnownFileType = sourcecode.swift; path = AddRecipeVC.swift; sourceTree = "<group>"; };
		9B124ED32038F3C7007D34BC /* Assets.xcassets */ = {isa = PBXFileReference; lastKnownFileType = folder.assetcatalog; path = Assets.xcassets; sourceTree = "<group>"; };
		9B124EE02038F424007D34BC /* ModernSearchBar.swift */ = {isa = PBXFileReference; lastKnownFileType = sourcecode.swift; path = ModernSearchBar.swift; sourceTree = "<group>"; };
		9B124EE22038F447007D34BC /* ModernSearchBarCell.swift */ = {isa = PBXFileReference; lastKnownFileType = sourcecode.swift; path = ModernSearchBarCell.swift; sourceTree = "<group>"; };
		9B124EE42038F480007D34BC /* ModernSearchBarDelegate.swift */ = {isa = PBXFileReference; lastKnownFileType = sourcecode.swift; path = ModernSearchBarDelegate.swift; sourceTree = "<group>"; };
		9B124EE62038F499007D34BC /* ModernSearchBarIcon.swift */ = {isa = PBXFileReference; lastKnownFileType = sourcecode.swift; path = ModernSearchBarIcon.swift; sourceTree = "<group>"; };
		9B124EE82038F4B8007D34BC /* ModernSearchBarModel.swift */ = {isa = PBXFileReference; lastKnownFileType = sourcecode.swift; path = ModernSearchBarModel.swift; sourceTree = "<group>"; };
		9B124EEA2039D53B007D34BC /* Assets.xcassets */ = {isa = PBXFileReference; lastKnownFileType = folder.assetcatalog; path = Assets.xcassets; sourceTree = "<group>"; };
		9B130EC6203DC83B0022C992 /* ViewFirebaseRecipeVC.swift */ = {isa = PBXFileReference; lastKnownFileType = sourcecode.swift; path = ViewFirebaseRecipeVC.swift; sourceTree = "<group>"; };
		9B130EC8203DF8560022C992 /* ArrayExtension.swift */ = {isa = PBXFileReference; lastKnownFileType = sourcecode.swift; path = ArrayExtension.swift; sourceTree = "<group>"; };
		9B1E98D42040A29900A23118 /* DateExtension.swift */ = {isa = PBXFileReference; lastKnownFileType = sourcecode.swift; path = DateExtension.swift; sourceTree = "<group>"; };
		9B1E98D62040A5EE00A23118 /* EventCell.swift */ = {isa = PBXFileReference; lastKnownFileType = sourcecode.swift; path = EventCell.swift; sourceTree = "<group>"; };
		9B1E990420458AC700A23118 /* AddEventVC.swift */ = {isa = PBXFileReference; lastKnownFileType = sourcecode.swift; path = AddEventVC.swift; sourceTree = "<group>"; };
		9B1E990620458D7A00A23118 /* AddEventLayout.swift */ = {isa = PBXFileReference; lastKnownFileType = sourcecode.swift; path = AddEventLayout.swift; sourceTree = "<group>"; };
		9B1E990820458DC100A23118 /* AddEventFirebase.swift */ = {isa = PBXFileReference; lastKnownFileType = sourcecode.swift; path = AddEventFirebase.swift; sourceTree = "<group>"; };
		9B1E990E2045B63500A23118 /* UIViewControllerExtension.swift */ = {isa = PBXFileReference; lastKnownFileType = sourcecode.swift; path = UIViewControllerExtension.swift; sourceTree = "<group>"; };
		9B644D2F202F4C7B003B6A50 /* TextButton.swift */ = {isa = PBXFileReference; lastKnownFileType = sourcecode.swift; path = TextButton.swift; sourceTree = "<group>"; };
		9B644D31202F815A003B6A50 /* FirebaseLoginLayout.swift */ = {isa = PBXFileReference; lastKnownFileType = sourcecode.swift; path = FirebaseLoginLayout.swift; sourceTree = "<group>"; };
		9B644D33202F818C003B6A50 /* FirebaseLoginFirebase.swift */ = {isa = PBXFileReference; lastKnownFileType = sourcecode.swift; path = FirebaseLoginFirebase.swift; sourceTree = "<group>"; };
		9B644D36202FC6C1003B6A50 /* User.swift */ = {isa = PBXFileReference; lastKnownFileType = sourcecode.swift; path = User.swift; sourceTree = "<group>"; };
		9B644D38203063DD003B6A50 /* MainFirebase.swift */ = {isa = PBXFileReference; lastKnownFileType = sourcecode.swift; path = MainFirebase.swift; sourceTree = "<group>"; };
		9B644D3A20308BD6003B6A50 /* UserCell.swift */ = {isa = PBXFileReference; lastKnownFileType = sourcecode.swift; path = UserCell.swift; sourceTree = "<group>"; };
		9B9C70662049B67700F61248 /* LocationCell.swift */ = {isa = PBXFileReference; lastKnownFileType = sourcecode.swift; path = LocationCell.swift; sourceTree = "<group>"; };
		9BA1F0A8204AD7E600B44843 /* RecurrenceView.swift */ = {isa = PBXFileReference; lastKnownFileType = sourcecode.swift; path = RecurrenceView.swift; sourceTree = "<group>"; };
		9BA7B0D92030A07E002886DF /* RecipeListVC.swift */ = {isa = PBXFileReference; lastKnownFileType = sourcecode.swift; path = RecipeListVC.swift; sourceTree = "<group>"; };
		9BA7B0DC2030A11F002886DF /* SettingsVC.swift */ = {isa = PBXFileReference; lastKnownFileType = sourcecode.swift; path = SettingsVC.swift; sourceTree = "<group>"; };
		9BA7B0DE2030E323002886DF /* CalendarLayout.swift */ = {isa = PBXFileReference; lastKnownFileType = sourcecode.swift; path = CalendarLayout.swift; sourceTree = "<group>"; };
		9BA7B0E12030E3D9002886DF /* Alertable.swift */ = {isa = PBXFileReference; lastKnownFileType = sourcecode.swift; path = Alertable.swift; sourceTree = "<group>"; };
		9BA7B0E320312783002886DF /* SettingsLayout.swift */ = {isa = PBXFileReference; lastKnownFileType = sourcecode.swift; path = SettingsLayout.swift; sourceTree = "<group>"; };
		9BA7B0E7203134B9002886DF /* Event.swift */ = {isa = PBXFileReference; lastKnownFileType = sourcecode.swift; path = Event.swift; sourceTree = "<group>"; };
		9BA7B0E920313748002886DF /* CalendarFirebase.swift */ = {isa = PBXFileReference; lastKnownFileType = sourcecode.swift; path = CalendarFirebase.swift; sourceTree = "<group>"; };
		9BA7B0EB2031FC63002886DF /* SettingsFirebase.swift */ = {isa = PBXFileReference; lastKnownFileType = sourcecode.swift; path = SettingsFirebase.swift; sourceTree = "<group>"; };
		9BA7B0ED20332A52002886DF /* Weasley Planner.entitlements */ = {isa = PBXFileReference; lastKnownFileType = text.plist.entitlements; path = "Weasley Planner.entitlements"; sourceTree = "<group>"; };
		9BA7B0EF20332E35002886DF /* MapDelegate.swift */ = {isa = PBXFileReference; lastKnownFileType = sourcecode.swift; path = MapDelegate.swift; sourceTree = "<group>"; };
		9BA7B0FA203512D0002886DF /* RecipeListLayout.swift */ = {isa = PBXFileReference; lastKnownFileType = sourcecode.swift; path = RecipeListLayout.swift; sourceTree = "<group>"; };
		9BA7B0FC2035131A002886DF /* RecipeListFirebase.swift */ = {isa = PBXFileReference; lastKnownFileType = sourcecode.swift; path = RecipeListFirebase.swift; sourceTree = "<group>"; };
		9BA7B0FE203513EF002886DF /* ShoppingListLayout.swift */ = {isa = PBXFileReference; lastKnownFileType = sourcecode.swift; path = ShoppingListLayout.swift; sourceTree = "<group>"; };
		9BA7B100203513FD002886DF /* ShoppingListFirebase.swift */ = {isa = PBXFileReference; lastKnownFileType = sourcecode.swift; path = ShoppingListFirebase.swift; sourceTree = "<group>"; };
		9BA7B1022035147E002886DF /* Item.swift */ = {isa = PBXFileReference; lastKnownFileType = sourcecode.swift; path = Item.swift; sourceTree = "<group>"; };
		9BA7B104203517F7002886DF /* ShoppingCell.swift */ = {isa = PBXFileReference; lastKnownFileType = sourcecode.swift; path = ShoppingCell.swift; sourceTree = "<group>"; };
		9BA7B1062035AA34002886DF /* StringExtension.swift */ = {isa = PBXFileReference; lastKnownFileType = sourcecode.swift; path = StringExtension.swift; sourceTree = "<group>"; };
		9BC2E157202CE8BF000B8E15 /* Weasley Planner.app */ = {isa = PBXFileReference; explicitFileType = wrapper.application; includeInIndex = 0; path = "Weasley Planner.app"; sourceTree = BUILT_PRODUCTS_DIR; };
		9BC2E15A202CE8BF000B8E15 /* AppDelegate.swift */ = {isa = PBXFileReference; lastKnownFileType = sourcecode.swift; path = AppDelegate.swift; sourceTree = "<group>"; };
		9BC2E15C202CE8BF000B8E15 /* MainVC.swift */ = {isa = PBXFileReference; lastKnownFileType = sourcecode.swift; path = MainVC.swift; sourceTree = "<group>"; };
		9BC2E15F202CE8BF000B8E15 /* Base */ = {isa = PBXFileReference; lastKnownFileType = file.storyboard; name = Base; path = Base.lproj/Main.storyboard; sourceTree = "<group>"; };
		9BC2E164202CE8BF000B8E15 /* Base */ = {isa = PBXFileReference; lastKnownFileType = file.storyboard; name = Base; path = Base.lproj/LaunchScreen.storyboard; sourceTree = "<group>"; };
		9BC2E166202CE8BF000B8E15 /* Info.plist */ = {isa = PBXFileReference; lastKnownFileType = text.plist.xml; path = Info.plist; sourceTree = "<group>"; };
		9BC2E16E202CE973000B8E15 /* MainLayout.swift */ = {isa = PBXFileReference; lastKnownFileType = sourcecode.swift; path = MainLayout.swift; sourceTree = "<group>"; };
		9BC2E173202CE9F3000B8E15 /* SidePaneLayout.swift */ = {isa = PBXFileReference; lastKnownFileType = sourcecode.swift; path = SidePaneLayout.swift; sourceTree = "<group>"; };
		9BC2E177202CEA1C000B8E15 /* TitleBar.swift */ = {isa = PBXFileReference; lastKnownFileType = sourcecode.swift; path = TitleBar.swift; sourceTree = "<group>"; };
		9BC2E179202CEA58000B8E15 /* SidePaneVC.swift */ = {isa = PBXFileReference; fileEncoding = 4; lastKnownFileType = sourcecode.swift; path = SidePaneVC.swift; sourceTree = "<group>"; };
		9BC2E17C202CEADD000B8E15 /* Constants.swift */ = {isa = PBXFileReference; lastKnownFileType = sourcecode.swift; path = Constants.swift; sourceTree = "<group>"; };
		9BC2E183202CF0DA000B8E15 /* Harry P.ttf */ = {isa = PBXFileReference; lastKnownFileType = file; path = "Harry P.ttf"; sourceTree = "<group>"; };
		9BC2E18A202CFB73000B8E15 /* SlideInPresentationAnimator.swift */ = {isa = PBXFileReference; lastKnownFileType = sourcecode.swift; path = SlideInPresentationAnimator.swift; sourceTree = "<group>"; };
		9BC2E18C202CFB7F000B8E15 /* SlideInPresentationController.swift */ = {isa = PBXFileReference; lastKnownFileType = sourcecode.swift; path = SlideInPresentationController.swift; sourceTree = "<group>"; };
		9BC2E18E202CFB89000B8E15 /* SlideInPresentationManager.swift */ = {isa = PBXFileReference; lastKnownFileType = sourcecode.swift; path = SlideInPresentationManager.swift; sourceTree = "<group>"; };
		9BC2E190202DC781000B8E15 /* DataHandler.swift */ = {isa = PBXFileReference; lastKnownFileType = sourcecode.swift; path = DataHandler.swift; sourceTree = "<group>"; };
		9BC2E196202DCA70000B8E15 /* CalendarVC.swift */ = {isa = PBXFileReference; lastKnownFileType = sourcecode.swift; path = CalendarVC.swift; sourceTree = "<group>"; };
		9BC2E19C202DCA95000B8E15 /* ShoppingListVC.swift */ = {isa = PBXFileReference; lastKnownFileType = sourcecode.swift; path = ShoppingListVC.swift; sourceTree = "<group>"; };
		9BC2E19E202DCB0F000B8E15 /* UserPane.swift */ = {isa = PBXFileReference; lastKnownFileType = sourcecode.swift; path = UserPane.swift; sourceTree = "<group>"; };
		9BCF3871202DD67700617558 /* GoogleService-Info.plist */ = {isa = PBXFileReference; fileEncoding = 4; lastKnownFileType = text.plist.xml; path = "GoogleService-Info.plist"; sourceTree = "<group>"; };
		9BCF3873202DEA2500617558 /* UIButtonExtension.swift */ = {isa = PBXFileReference; lastKnownFileType = sourcecode.swift; path = UIButtonExtension.swift; sourceTree = "<group>"; };
		9BCF3876202DF42A00617558 /* FirebaseLoginVC.swift */ = {isa = PBXFileReference; lastKnownFileType = sourcecode.swift; path = FirebaseLoginVC.swift; sourceTree = "<group>"; };
		9BCF3878202DF4B000617558 /* InputView.swift */ = {isa = PBXFileReference; lastKnownFileType = sourcecode.swift; path = InputView.swift; sourceTree = "<group>"; };
		9BF398BA2039EB0D0009FC33 /* Connection.swift */ = {isa = PBXFileReference; lastKnownFileType = sourcecode.swift; path = Connection.swift; sourceTree = "<group>"; };
		9BF398BC2039F67F0009FC33 /* Recipe.swift */ = {isa = PBXFileReference; lastKnownFileType = sourcecode.swift; path = Recipe.swift; sourceTree = "<group>"; };
		9BF398BE2039FB940009FC33 /* RecipeCell.swift */ = {isa = PBXFileReference; lastKnownFileType = sourcecode.swift; path = RecipeCell.swift; sourceTree = "<group>"; };
		9BF398C0203B18130009FC33 /* AddRecipeLayout.swift */ = {isa = PBXFileReference; lastKnownFileType = sourcecode.swift; path = AddRecipeLayout.swift; sourceTree = "<group>"; };
		9BF398C2203B18460009FC33 /* AddRecipeFirebase.swift */ = {isa = PBXFileReference; lastKnownFileType = sourcecode.swift; path = AddRecipeFirebase.swift; sourceTree = "<group>"; };
		9BF398C4203B93C40009FC33 /* PickerView.swift */ = {isa = PBXFileReference; lastKnownFileType = sourcecode.swift; path = PickerView.swift; sourceTree = "<group>"; };
		9BF398C6203BCBB60009FC33 /* PhotoDelegate.swift */ = {isa = PBXFileReference; lastKnownFileType = sourcecode.swift; path = PhotoDelegate.swift; sourceTree = "<group>"; };
		9BF398C8203C46C40009FC33 /* TextDelegate.swift */ = {isa = PBXFileReference; lastKnownFileType = sourcecode.swift; path = TextDelegate.swift; sourceTree = "<group>"; };
		9BF398CA203C69130009FC33 /* UIDeviceExtension.swift */ = {isa = PBXFileReference; lastKnownFileType = sourcecode.swift; path = UIDeviceExtension.swift; sourceTree = "<group>"; };
		9BF398CC203C693C0009FC33 /* UIViewExtension.swift */ = {isa = PBXFileReference; lastKnownFileType = sourcecode.swift; path = UIViewExtension.swift; sourceTree = "<group>"; };
		9BF398CE203C696A0009FC33 /* UITableViewCellExtension.swift */ = {isa = PBXFileReference; lastKnownFileType = sourcecode.swift; path = UITableViewCellExtension.swift; sourceTree = "<group>"; };
		9BF398D0203C69950009FC33 /* UIImageExtension.swift */ = {isa = PBXFileReference; lastKnownFileType = sourcecode.swift; path = UIImageExtension.swift; sourceTree = "<group>"; };
		9BF398D2203CC1D30009FC33 /* DictionaryExtension.swift */ = {isa = PBXFileReference; lastKnownFileType = sourcecode.swift; path = DictionaryExtension.swift; sourceTree = "<group>"; };
		A16AA48C25D42BEB215907D7 /* Pods-Weasley Planner.release.xcconfig */ = {isa = PBXFileReference; includeInIndex = 1; lastKnownFileType = text.xcconfig; name = "Pods-Weasley Planner.release.xcconfig"; path = "Pods/Target Support Files/Pods-Weasley Planner/Pods-Weasley Planner.release.xcconfig"; sourceTree = "<group>"; };
/* End PBXFileReference section */

/* Begin PBXFrameworksBuildPhase section */
		9BC2E154202CE8BF000B8E15 /* Frameworks */ = {
			isa = PBXFrameworksBuildPhase;
			buildActionMask = 2147483647;
			files = (
				13D001B76F50D776DC06FDD1 /* Pods_Weasley_Planner.framework in Frameworks */,
			);
			runOnlyForDeploymentPostprocessing = 0;
		};
/* End PBXFrameworksBuildPhase section */

/* Begin PBXGroup section */
		601390D972C9C9E876545813 /* Pods */ = {
			isa = PBXGroup;
			children = (
				74012A726E5A09C37CC7BC02 /* Pods-Weasley Planner.debug.xcconfig */,
				A16AA48C25D42BEB215907D7 /* Pods-Weasley Planner.release.xcconfig */,
			);
			name = Pods;
			sourceTree = "<group>";
		};
		9B124EAE2037B2B8007D34BC /* Add Recipe */ = {
			isa = PBXGroup;
			children = (
				9B124EAF2037B338007D34BC /* AddRecipeVC.swift */,
				9BF398C0203B18130009FC33 /* AddRecipeLayout.swift */,
				9BF398C2203B18460009FC33 /* AddRecipeFirebase.swift */,
			);
			path = "Add Recipe";
			sourceTree = "<group>";
		};
		9B124ED52038F3CA007D34BC /* ModernSearchBar */ = {
			isa = PBXGroup;
			children = (
				9B124ED32038F3C7007D34BC /* Assets.xcassets */,
				9B124EE02038F424007D34BC /* ModernSearchBar.swift */,
				9B124EE22038F447007D34BC /* ModernSearchBarCell.swift */,
				9B124EE42038F480007D34BC /* ModernSearchBarDelegate.swift */,
				9B124EE62038F499007D34BC /* ModernSearchBarIcon.swift */,
				9B124EE82038F4B8007D34BC /* ModernSearchBarModel.swift */,
			);
			name = ModernSearchBar;
			path = "New Group";
			sourceTree = "<group>";
		};
		9B130EC5203DC8160022C992 /* View Firebase Recipe */ = {
			isa = PBXGroup;
			children = (
				9B130EC6203DC83B0022C992 /* ViewFirebaseRecipeVC.swift */,
			);
			path = "View Firebase Recipe";
			sourceTree = "<group>";
		};
		9B1E99032044E5CF00A23118 /* Add Event */ = {
			isa = PBXGroup;
			children = (
				9B1E990420458AC700A23118 /* AddEventVC.swift */,
				9B1E990620458D7A00A23118 /* AddEventLayout.swift */,
				9B1E990820458DC100A23118 /* AddEventFirebase.swift */,
			);
			path = "Add Event";
			sourceTree = "<group>";
		};
		9BA7B0D82030A064002886DF /* Recipe List */ = {
			isa = PBXGroup;
			children = (
				9BA7B0D92030A07E002886DF /* RecipeListVC.swift */,
				9BA7B0FA203512D0002886DF /* RecipeListLayout.swift */,
				9BA7B0FC2035131A002886DF /* RecipeListFirebase.swift */,
			);
			path = "Recipe List";
			sourceTree = "<group>";
		};
		9BA7B0DB2030A10A002886DF /* Settings */ = {
			isa = PBXGroup;
			children = (
				9BA7B0DC2030A11F002886DF /* SettingsVC.swift */,
				9BA7B0E320312783002886DF /* SettingsLayout.swift */,
				9BA7B0EB2031FC63002886DF /* SettingsFirebase.swift */,
			);
			path = Settings;
			sourceTree = "<group>";
		};
		9BA7B0E02030E3CD002886DF /* Protocol */ = {
			isa = PBXGroup;
			children = (
				9BA7B0E12030E3D9002886DF /* Alertable.swift */,
				9BF398BA2039EB0D0009FC33 /* Connection.swift */,
			);
			path = Protocol;
			sourceTree = "<group>";
		};
		9BA7B0EE20332E27002886DF /* Delegate */ = {
			isa = PBXGroup;
			children = (
				9BA7B0EF20332E35002886DF /* MapDelegate.swift */,
				9BF398C6203BCBB60009FC33 /* PhotoDelegate.swift */,
				9BF398C8203C46C40009FC33 /* TextDelegate.swift */,
			);
			path = Delegate;
			sourceTree = "<group>";
		};
		9BC2E14E202CE8BF000B8E15 = {
			isa = PBXGroup;
			children = (
				9BC2E159202CE8BF000B8E15 /* Weasley Planner */,
				9BC2E158202CE8BF000B8E15 /* Products */,
				601390D972C9C9E876545813 /* Pods */,
				F5BC63D430602DF4D977BC0D /* Frameworks */,
			);
			sourceTree = "<group>";
		};
		9BC2E158202CE8BF000B8E15 /* Products */ = {
			isa = PBXGroup;
			children = (
				9BC2E157202CE8BF000B8E15 /* Weasley Planner.app */,
			);
			name = Products;
			sourceTree = "<group>";
		};
		9BC2E159202CE8BF000B8E15 /* Weasley Planner */ = {
			isa = PBXGroup;
			children = (
				9BA7B0EE20332E27002886DF /* Delegate */,
				9BA7B0E02030E3CD002886DF /* Protocol */,
				9BC2E189202CFB69000B8E15 /* Presentation */,
				9BC2E184202CF0E3000B8E15 /* Assets */,
				9BC2E17E202CEC46000B8E15 /* Extension */,
				9BC2E17B202CEAAE000B8E15 /* Data */,
				9BC2E176202CEA06000B8E15 /* View */,
				9BC2E16D202CE91F000B8E15 /* Controller */,
				9BC2E16C202CE916000B8E15 /* Storyboard */,
				9BA7B0ED20332A52002886DF /* Weasley Planner.entitlements */,
				9BC2E15A202CE8BF000B8E15 /* AppDelegate.swift */,
				9BC2E166202CE8BF000B8E15 /* Info.plist */,
				9BCF3871202DD67700617558 /* GoogleService-Info.plist */,
			);
			path = "Weasley Planner";
			sourceTree = "<group>";
		};
		9BC2E16C202CE916000B8E15 /* Storyboard */ = {
			isa = PBXGroup;
			children = (
				9BC2E15E202CE8BF000B8E15 /* Main.storyboard */,
				9BC2E163202CE8BF000B8E15 /* LaunchScreen.storyboard */,
			);
			path = Storyboard;
			sourceTree = "<group>";
		};
		9BC2E16D202CE91F000B8E15 /* Controller */ = {
			isa = PBXGroup;
			children = (
				9BC2E170202CE979000B8E15 /* Main */,
				9BC2E175202CE9F7000B8E15 /* SidePane */,
				9BA7B0DB2030A10A002886DF /* Settings */,
				9BC2E192202DCA07000B8E15 /* Calendar */,
				9B1E99032044E5CF00A23118 /* Add Event */,
				9BA7B0D82030A064002886DF /* Recipe List */,
				9B124EAE2037B2B8007D34BC /* Add Recipe */,
				9B130EC5203DC8160022C992 /* View Firebase Recipe */,
				9BC2E195202DCA1F000B8E15 /* Shopping List */,
				9BCF3875202DF3F000617558 /* Firebase Login */,
			);
			path = Controller;
			sourceTree = "<group>";
		};
		9BC2E170202CE979000B8E15 /* Main */ = {
			isa = PBXGroup;
			children = (
				9BC2E15C202CE8BF000B8E15 /* MainVC.swift */,
				9BC2E16E202CE973000B8E15 /* MainLayout.swift */,
				9B644D38203063DD003B6A50 /* MainFirebase.swift */,
			);
			path = Main;
			sourceTree = "<group>";
		};
		9BC2E175202CE9F7000B8E15 /* SidePane */ = {
			isa = PBXGroup;
			children = (
				9BC2E179202CEA58000B8E15 /* SidePaneVC.swift */,
				9BC2E173202CE9F3000B8E15 /* SidePaneLayout.swift */,
			);
			path = SidePane;
			sourceTree = "<group>";
		};
		9BC2E176202CEA06000B8E15 /* View */ = {
			isa = PBXGroup;
			children = (
				9B124ED52038F3CA007D34BC /* ModernSearchBar */,
				9B1E98D62040A5EE00A23118 /* EventCell.swift */,
				9BCF3878202DF4B000617558 /* InputView.swift */,
				9B9C70662049B67700F61248 /* LocationCell.swift */,
				9BF398C4203B93C40009FC33 /* PickerView.swift */,
				9BF398BE2039FB940009FC33 /* RecipeCell.swift */,
				9BA1F0A8204AD7E600B44843 /* RecurrenceView.swift */,
				9BA7B104203517F7002886DF /* ShoppingCell.swift */,
				9B644D2F202F4C7B003B6A50 /* TextButton.swift */,
				9BC2E177202CEA1C000B8E15 /* TitleBar.swift */,
				9B644D3A20308BD6003B6A50 /* UserCell.swift */,
				9BC2E19E202DCB0F000B8E15 /* UserPane.swift */,
			);
			path = View;
			sourceTree = "<group>";
		};
		9BC2E17B202CEAAE000B8E15 /* Data */ = {
			isa = PBXGroup;
			children = (
				9BC2E17C202CEADD000B8E15 /* Constants.swift */,
				9BC2E190202DC781000B8E15 /* DataHandler.swift */,
				9BA7B0E7203134B9002886DF /* Event.swift */,
				9BA7B1022035147E002886DF /* Item.swift */,
				9BF398BC2039F67F0009FC33 /* Recipe.swift */,
				9B644D36202FC6C1003B6A50 /* User.swift */,
			);
			path = Data;
			sourceTree = "<group>";
		};
		9BC2E17E202CEC46000B8E15 /* Extension */ = {
			isa = PBXGroup;
			children = (
				9B130EC8203DF8560022C992 /* ArrayExtension.swift */,
				9B1E98D42040A29900A23118 /* DateExtension.swift */,
				9BF398D2203CC1D30009FC33 /* DictionaryExtension.swift */,
				9BA7B1062035AA34002886DF /* StringExtension.swift */,
				9BCF3873202DEA2500617558 /* UIButtonExtension.swift */,
				9BF398CA203C69130009FC33 /* UIDeviceExtension.swift */,
				9BF398D0203C69950009FC33 /* UIImageExtension.swift */,
				9BF398CE203C696A0009FC33 /* UITableViewCellExtension.swift */,
				9BF398CC203C693C0009FC33 /* UIViewExtension.swift */,
				9B1E990E2045B63500A23118 /* UIViewControllerExtension.swift */,
			);
			path = Extension;
			sourceTree = "<group>";
		};
		9BC2E184202CF0E3000B8E15 /* Assets */ = {
			isa = PBXGroup;
			children = (
				9B124EEA2039D53B007D34BC /* Assets.xcassets */,
				9BC2E183202CF0DA000B8E15 /* Harry P.ttf */,
			);
			path = Assets;
			sourceTree = "<group>";
		};
		9BC2E189202CFB69000B8E15 /* Presentation */ = {
			isa = PBXGroup;
			children = (
				9BC2E18A202CFB73000B8E15 /* SlideInPresentationAnimator.swift */,
				9BC2E18C202CFB7F000B8E15 /* SlideInPresentationController.swift */,
				9BC2E18E202CFB89000B8E15 /* SlideInPresentationManager.swift */,
			);
			path = Presentation;
			sourceTree = "<group>";
		};
		9BC2E192202DCA07000B8E15 /* Calendar */ = {
			isa = PBXGroup;
			children = (
				9BC2E196202DCA70000B8E15 /* CalendarVC.swift */,
				9BA7B0DE2030E323002886DF /* CalendarLayout.swift */,
				9BA7B0E920313748002886DF /* CalendarFirebase.swift */,
			);
			path = Calendar;
			sourceTree = "<group>";
		};
		9BC2E195202DCA1F000B8E15 /* Shopping List */ = {
			isa = PBXGroup;
			children = (
				9BC2E19C202DCA95000B8E15 /* ShoppingListVC.swift */,
				9BA7B0FE203513EF002886DF /* ShoppingListLayout.swift */,
				9BA7B100203513FD002886DF /* ShoppingListFirebase.swift */,
			);
			path = "Shopping List";
			sourceTree = "<group>";
		};
		9BCF3875202DF3F000617558 /* Firebase Login */ = {
			isa = PBXGroup;
			children = (
				9BCF3876202DF42A00617558 /* FirebaseLoginVC.swift */,
				9B644D31202F815A003B6A50 /* FirebaseLoginLayout.swift */,
				9B644D33202F818C003B6A50 /* FirebaseLoginFirebase.swift */,
			);
			path = "Firebase Login";
			sourceTree = "<group>";
		};
		F5BC63D430602DF4D977BC0D /* Frameworks */ = {
			isa = PBXGroup;
			children = (
				97FEA11C4ED9CB50D78DC1C2 /* Pods_Weasley_Planner.framework */,
			);
			name = Frameworks;
			sourceTree = "<group>";
		};
/* End PBXGroup section */

/* Begin PBXNativeTarget section */
		9BC2E156202CE8BF000B8E15 /* Weasley Planner */ = {
			isa = PBXNativeTarget;
			buildConfigurationList = 9BC2E169202CE8BF000B8E15 /* Build configuration list for PBXNativeTarget "Weasley Planner" */;
			buildPhases = (
				9120DA0CC21BF4A282CFF0FB /* [CP] Check Pods Manifest.lock */,
				9BC2E153202CE8BF000B8E15 /* Sources */,
				9BC2E154202CE8BF000B8E15 /* Frameworks */,
				9BC2E155202CE8BF000B8E15 /* Resources */,
				CAFDDEEB732A876786F1D85A /* [CP] Embed Pods Frameworks */,
				B2C2D0D64CC8F998EEC5B67D /* [CP] Copy Pods Resources */,
			);
			buildRules = (
			);
			dependencies = (
			);
			name = "Weasley Planner";
			productName = "Weasley Planner";
			productReference = 9BC2E157202CE8BF000B8E15 /* Weasley Planner.app */;
			productType = "com.apple.product-type.application";
		};
/* End PBXNativeTarget section */

/* Begin PBXProject section */
		9BC2E14F202CE8BF000B8E15 /* Project object */ = {
			isa = PBXProject;
			attributes = {
				LastSwiftUpdateCheck = 0920;
				LastUpgradeCheck = 0920;
				ORGANIZATIONNAME = "Craunic Productions";
				TargetAttributes = {
					9BC2E156202CE8BF000B8E15 = {
						CreatedOnToolsVersion = 9.2;
						ProvisioningStyle = Automatic;
						SystemCapabilities = {
							com.apple.BackgroundModes = {
								enabled = 1;
							};
							com.apple.Push = {
								enabled = 1;
							};
						};
					};
				};
			};
			buildConfigurationList = 9BC2E152202CE8BF000B8E15 /* Build configuration list for PBXProject "Weasley Planner" */;
			compatibilityVersion = "Xcode 8.0";
			developmentRegion = en;
			hasScannedForEncodings = 0;
			knownRegions = (
				en,
				Base,
			);
			mainGroup = 9BC2E14E202CE8BF000B8E15;
			productRefGroup = 9BC2E158202CE8BF000B8E15 /* Products */;
			projectDirPath = "";
			projectRoot = "";
			targets = (
				9BC2E156202CE8BF000B8E15 /* Weasley Planner */,
			);
		};
/* End PBXProject section */

/* Begin PBXResourcesBuildPhase section */
		9BC2E155202CE8BF000B8E15 /* Resources */ = {
			isa = PBXResourcesBuildPhase;
			buildActionMask = 2147483647;
			files = (
				9BC2E165202CE8BF000B8E15 /* LaunchScreen.storyboard in Resources */,
				9BC2E188202CF903000B8E15 /* Harry P.ttf in Resources */,
				9BCF3872202DD67700617558 /* GoogleService-Info.plist in Resources */,
				9B124ED42038F3C7007D34BC /* Assets.xcassets in Resources */,
				9B124EEB2039D53B007D34BC /* Assets.xcassets in Resources */,
				9BC2E160202CE8BF000B8E15 /* Main.storyboard in Resources */,
			);
			runOnlyForDeploymentPostprocessing = 0;
		};
/* End PBXResourcesBuildPhase section */

/* Begin PBXShellScriptBuildPhase section */
		9120DA0CC21BF4A282CFF0FB /* [CP] Check Pods Manifest.lock */ = {
			isa = PBXShellScriptBuildPhase;
			buildActionMask = 2147483647;
			files = (
			);
			inputPaths = (
				"${PODS_PODFILE_DIR_PATH}/Podfile.lock",
				"${PODS_ROOT}/Manifest.lock",
			);
			name = "[CP] Check Pods Manifest.lock";
			outputPaths = (
				"$(DERIVED_FILE_DIR)/Pods-Weasley Planner-checkManifestLockResult.txt",
			);
			runOnlyForDeploymentPostprocessing = 0;
			shellPath = /bin/sh;
			shellScript = "diff \"${PODS_PODFILE_DIR_PATH}/Podfile.lock\" \"${PODS_ROOT}/Manifest.lock\" > /dev/null\nif [ $? != 0 ] ; then\n    # print error to STDERR\n    echo \"error: The sandbox is not in sync with the Podfile.lock. Run 'pod install' or update your CocoaPods installation.\" >&2\n    exit 1\nfi\n# This output is used by Xcode 'outputs' to avoid re-running this script phase.\necho \"SUCCESS\" > \"${SCRIPT_OUTPUT_FILE_0}\"\n";
			showEnvVarsInLog = 0;
		};
		B2C2D0D64CC8F998EEC5B67D /* [CP] Copy Pods Resources */ = {
			isa = PBXShellScriptBuildPhase;
			buildActionMask = 2147483647;
			files = (
			);
			inputPaths = (
			);
			name = "[CP] Copy Pods Resources";
			outputPaths = (
			);
			runOnlyForDeploymentPostprocessing = 0;
			shellPath = /bin/sh;
			shellScript = "\"${SRCROOT}/Pods/Target Support Files/Pods-Weasley Planner/Pods-Weasley Planner-resources.sh\"\n";
			showEnvVarsInLog = 0;
		};
		CAFDDEEB732A876786F1D85A /* [CP] Embed Pods Frameworks */ = {
			isa = PBXShellScriptBuildPhase;
			buildActionMask = 2147483647;
			files = (
			);
			inputPaths = (
				"${SRCROOT}/Pods/Target Support Files/Pods-Weasley Planner/Pods-Weasley Planner-frameworks.sh",
				"${BUILT_PRODUCTS_DIR}/GTMSessionFetcher/GTMSessionFetcher.framework",
				"${BUILT_PRODUCTS_DIR}/GoogleToolboxForMac/GoogleToolboxForMac.framework",
				"${BUILT_PRODUCTS_DIR}/JTAppleCalendar/JTAppleCalendar.framework",
				"${BUILT_PRODUCTS_DIR}/Protobuf/Protobuf.framework",
			);
			name = "[CP] Embed Pods Frameworks";
			outputPaths = (
				"${TARGET_BUILD_DIR}/${FRAMEWORKS_FOLDER_PATH}/GTMSessionFetcher.framework",
				"${TARGET_BUILD_DIR}/${FRAMEWORKS_FOLDER_PATH}/GoogleToolboxForMac.framework",
				"${TARGET_BUILD_DIR}/${FRAMEWORKS_FOLDER_PATH}/JTAppleCalendar.framework",
				"${TARGET_BUILD_DIR}/${FRAMEWORKS_FOLDER_PATH}/Protobuf.framework",
			);
			runOnlyForDeploymentPostprocessing = 0;
			shellPath = /bin/sh;
			shellScript = "\"${SRCROOT}/Pods/Target Support Files/Pods-Weasley Planner/Pods-Weasley Planner-frameworks.sh\"\n";
			showEnvVarsInLog = 0;
		};
/* End PBXShellScriptBuildPhase section */

/* Begin PBXSourcesBuildPhase section */
		9BC2E153202CE8BF000B8E15 /* Sources */ = {
			isa = PBXSourcesBuildPhase;
			buildActionMask = 2147483647;
			files = (
				9B644D37202FC6C1003B6A50 /* User.swift in Sources */,
				9BF398D3203CC1D30009FC33 /* DictionaryExtension.swift in Sources */,
				9BC2E15D202CE8BF000B8E15 /* MainVC.swift in Sources */,
				9BF398C3203B18460009FC33 /* AddRecipeFirebase.swift in Sources */,
				9B124EE92038F4B8007D34BC /* ModernSearchBarModel.swift in Sources */,
				9BF398BF2039FB940009FC33 /* RecipeCell.swift in Sources */,
				9BF398BB2039EB0D0009FC33 /* Connection.swift in Sources */,
				9BA7B1032035147E002886DF /* Item.swift in Sources */,
				9BF398BD2039F67F0009FC33 /* Recipe.swift in Sources */,
				9BC2E18B202CFB73000B8E15 /* SlideInPresentationAnimator.swift in Sources */,
				9BCF3874202DEA2500617558 /* UIButtonExtension.swift in Sources */,
				9BA7B0FF203513EF002886DF /* ShoppingListLayout.swift in Sources */,
				9B1E98D72040A5EE00A23118 /* EventCell.swift in Sources */,
				9BA7B0EC2031FC63002886DF /* SettingsFirebase.swift in Sources */,
				9BA7B0F020332E35002886DF /* MapDelegate.swift in Sources */,
				9B124EE52038F480007D34BC /* ModernSearchBarDelegate.swift in Sources */,
				9B130EC9203DF8560022C992 /* ArrayExtension.swift in Sources */,
				9BA7B0E420312783002886DF /* SettingsLayout.swift in Sources */,
				9BA7B105203517F7002886DF /* ShoppingCell.swift in Sources */,
				9BC2E174202CE9F3000B8E15 /* SidePaneLayout.swift in Sources */,
				9B1E990F2045B63500A23118 /* UIViewControllerExtension.swift in Sources */,
				9BC2E15B202CE8BF000B8E15 /* AppDelegate.swift in Sources */,
				9BC2E197202DCA70000B8E15 /* CalendarVC.swift in Sources */,
				9BC2E19F202DCB0F000B8E15 /* UserPane.swift in Sources */,
				9BA7B1072035AA34002886DF /* StringExtension.swift in Sources */,
				9BA7B0DD2030A11F002886DF /* SettingsVC.swift in Sources */,
				9BA7B0DA2030A07E002886DF /* RecipeListVC.swift in Sources */,
				9BC2E19D202DCA95000B8E15 /* ShoppingListVC.swift in Sources */,
				9B124EE32038F447007D34BC /* ModernSearchBarCell.swift in Sources */,
				9BA7B0EA20313748002886DF /* CalendarFirebase.swift in Sources */,
				9BF398C5203B93C40009FC33 /* PickerView.swift in Sources */,
				9BC2E18F202CFB89000B8E15 /* SlideInPresentationManager.swift in Sources */,
				9BA7B0E8203134B9002886DF /* Event.swift in Sources */,
				9BA7B101203513FD002886DF /* ShoppingListFirebase.swift in Sources */,
				9B644D32202F815A003B6A50 /* FirebaseLoginLayout.swift in Sources */,
				9BF398C7203BCBB60009FC33 /* PhotoDelegate.swift in Sources */,
				9B1E990920458DC100A23118 /* AddEventFirebase.swift in Sources */,
				9BF398D1203C69950009FC33 /* UIImageExtension.swift in Sources */,
				9BA7B0FB203512D0002886DF /* RecipeListLayout.swift in Sources */,
				9BC2E17A202CEA58000B8E15 /* SidePaneVC.swift in Sources */,
				9BA7B0DF2030E323002886DF /* CalendarLayout.swift in Sources */,
				9BF398CD203C693C0009FC33 /* UIViewExtension.swift in Sources */,
				9B644D30202F4C7B003B6A50 /* TextButton.swift in Sources */,
				9BC2E17D202CEADD000B8E15 /* Constants.swift in Sources */,
				9B1E98D52040A29900A23118 /* DateExtension.swift in Sources */,
				9BC2E178202CEA1C000B8E15 /* TitleBar.swift in Sources */,
				9BF398CF203C696A0009FC33 /* UITableViewCellExtension.swift in Sources */,
				9B9C70672049B67700F61248 /* LocationCell.swift in Sources */,
				9BA1F0A9204AD7E600B44843 /* RecurrenceView.swift in Sources */,
				9B644D34202F818C003B6A50 /* FirebaseLoginFirebase.swift in Sources */,
				9BF398CB203C69130009FC33 /* UIDeviceExtension.swift in Sources */,
				9B644D3B20308BD6003B6A50 /* UserCell.swift in Sources */,
				9B130EC7203DC83B0022C992 /* ViewFirebaseRecipeVC.swift in Sources */,
				9BCF3877202DF42A00617558 /* FirebaseLoginVC.swift in Sources */,
				9BCF3879202DF4B000617558 /* InputView.swift in Sources */,
				9B124EE12038F424007D34BC /* ModernSearchBar.swift in Sources */,
				9B644D39203063DD003B6A50 /* MainFirebase.swift in Sources */,
				9BC2E16F202CE973000B8E15 /* MainLayout.swift in Sources */,
				9BC2E191202DC781000B8E15 /* DataHandler.swift in Sources */,
				9BF398C1203B18130009FC33 /* AddRecipeLayout.swift in Sources */,
				9B1E990720458D7B00A23118 /* AddEventLayout.swift in Sources */,
				9BF398C9203C46C40009FC33 /* TextDelegate.swift in Sources */,
				9BC2E18D202CFB7F000B8E15 /* SlideInPresentationController.swift in Sources */,
				9BA7B0FD2035131A002886DF /* RecipeListFirebase.swift in Sources */,
				9B1E990520458AC700A23118 /* AddEventVC.swift in Sources */,
				9B124EE72038F499007D34BC /* ModernSearchBarIcon.swift in Sources */,
				9B124EB02037B338007D34BC /* AddRecipeVC.swift in Sources */,
				9BA7B0E22030E3D9002886DF /* Alertable.swift in Sources */,
			);
			runOnlyForDeploymentPostprocessing = 0;
		};
/* End PBXSourcesBuildPhase section */

/* Begin PBXVariantGroup section */
		9BC2E15E202CE8BF000B8E15 /* Main.storyboard */ = {
			isa = PBXVariantGroup;
			children = (
				9BC2E15F202CE8BF000B8E15 /* Base */,
			);
			name = Main.storyboard;
			sourceTree = "<group>";
		};
		9BC2E163202CE8BF000B8E15 /* LaunchScreen.storyboard */ = {
			isa = PBXVariantGroup;
			children = (
				9BC2E164202CE8BF000B8E15 /* Base */,
			);
			name = LaunchScreen.storyboard;
			sourceTree = "<group>";
		};
/* End PBXVariantGroup section */

/* Begin XCBuildConfiguration section */
		9BC2E167202CE8BF000B8E15 /* Debug */ = {
			isa = XCBuildConfiguration;
			buildSettings = {
				ALWAYS_SEARCH_USER_PATHS = NO;
				CLANG_ANALYZER_NONNULL = YES;
				CLANG_ANALYZER_NUMBER_OBJECT_CONVERSION = YES_AGGRESSIVE;
				CLANG_CXX_LANGUAGE_STANDARD = "gnu++14";
				CLANG_CXX_LIBRARY = "libc++";
				CLANG_ENABLE_MODULES = YES;
				CLANG_ENABLE_OBJC_ARC = YES;
				CLANG_WARN_BLOCK_CAPTURE_AUTORELEASING = YES;
				CLANG_WARN_BOOL_CONVERSION = YES;
				CLANG_WARN_COMMA = YES;
				CLANG_WARN_CONSTANT_CONVERSION = YES;
				CLANG_WARN_DIRECT_OBJC_ISA_USAGE = YES_ERROR;
				CLANG_WARN_DOCUMENTATION_COMMENTS = YES;
				CLANG_WARN_EMPTY_BODY = YES;
				CLANG_WARN_ENUM_CONVERSION = YES;
				CLANG_WARN_INFINITE_RECURSION = YES;
				CLANG_WARN_INT_CONVERSION = YES;
				CLANG_WARN_NON_LITERAL_NULL_CONVERSION = YES;
				CLANG_WARN_OBJC_LITERAL_CONVERSION = YES;
				CLANG_WARN_OBJC_ROOT_CLASS = YES_ERROR;
				CLANG_WARN_RANGE_LOOP_ANALYSIS = YES;
				CLANG_WARN_STRICT_PROTOTYPES = YES;
				CLANG_WARN_SUSPICIOUS_MOVE = YES;
				CLANG_WARN_UNGUARDED_AVAILABILITY = YES_AGGRESSIVE;
				CLANG_WARN_UNREACHABLE_CODE = YES;
				CLANG_WARN__DUPLICATE_METHOD_MATCH = YES;
				CODE_SIGN_IDENTITY = "iPhone Developer";
				COPY_PHASE_STRIP = NO;
				DEBUG_INFORMATION_FORMAT = dwarf;
				ENABLE_STRICT_OBJC_MSGSEND = YES;
				ENABLE_TESTABILITY = YES;
				GCC_C_LANGUAGE_STANDARD = gnu11;
				GCC_DYNAMIC_NO_PIC = NO;
				GCC_NO_COMMON_BLOCKS = YES;
				GCC_OPTIMIZATION_LEVEL = 0;
				GCC_PREPROCESSOR_DEFINITIONS = (
					"DEBUG=1",
					"$(inherited)",
				);
				GCC_WARN_64_TO_32_BIT_CONVERSION = YES;
				GCC_WARN_ABOUT_RETURN_TYPE = YES_ERROR;
				GCC_WARN_UNDECLARED_SELECTOR = YES;
				GCC_WARN_UNINITIALIZED_AUTOS = YES_AGGRESSIVE;
				GCC_WARN_UNUSED_FUNCTION = YES;
				GCC_WARN_UNUSED_VARIABLE = YES;
				IPHONEOS_DEPLOYMENT_TARGET = 11.2;
				MTL_ENABLE_DEBUG_INFO = YES;
				ONLY_ACTIVE_ARCH = YES;
				SDKROOT = iphoneos;
				SWIFT_ACTIVE_COMPILATION_CONDITIONS = DEBUG;
				SWIFT_OPTIMIZATION_LEVEL = "-Onone";
			};
			name = Debug;
		};
		9BC2E168202CE8BF000B8E15 /* Release */ = {
			isa = XCBuildConfiguration;
			buildSettings = {
				ALWAYS_SEARCH_USER_PATHS = NO;
				CLANG_ANALYZER_NONNULL = YES;
				CLANG_ANALYZER_NUMBER_OBJECT_CONVERSION = YES_AGGRESSIVE;
				CLANG_CXX_LANGUAGE_STANDARD = "gnu++14";
				CLANG_CXX_LIBRARY = "libc++";
				CLANG_ENABLE_MODULES = YES;
				CLANG_ENABLE_OBJC_ARC = YES;
				CLANG_WARN_BLOCK_CAPTURE_AUTORELEASING = YES;
				CLANG_WARN_BOOL_CONVERSION = YES;
				CLANG_WARN_COMMA = YES;
				CLANG_WARN_CONSTANT_CONVERSION = YES;
				CLANG_WARN_DIRECT_OBJC_ISA_USAGE = YES_ERROR;
				CLANG_WARN_DOCUMENTATION_COMMENTS = YES;
				CLANG_WARN_EMPTY_BODY = YES;
				CLANG_WARN_ENUM_CONVERSION = YES;
				CLANG_WARN_INFINITE_RECURSION = YES;
				CLANG_WARN_INT_CONVERSION = YES;
				CLANG_WARN_NON_LITERAL_NULL_CONVERSION = YES;
				CLANG_WARN_OBJC_LITERAL_CONVERSION = YES;
				CLANG_WARN_OBJC_ROOT_CLASS = YES_ERROR;
				CLANG_WARN_RANGE_LOOP_ANALYSIS = YES;
				CLANG_WARN_STRICT_PROTOTYPES = YES;
				CLANG_WARN_SUSPICIOUS_MOVE = YES;
				CLANG_WARN_UNGUARDED_AVAILABILITY = YES_AGGRESSIVE;
				CLANG_WARN_UNREACHABLE_CODE = YES;
				CLANG_WARN__DUPLICATE_METHOD_MATCH = YES;
				CODE_SIGN_IDENTITY = "iPhone Developer";
				COPY_PHASE_STRIP = NO;
				DEBUG_INFORMATION_FORMAT = "dwarf-with-dsym";
				ENABLE_NS_ASSERTIONS = NO;
				ENABLE_STRICT_OBJC_MSGSEND = YES;
				GCC_C_LANGUAGE_STANDARD = gnu11;
				GCC_NO_COMMON_BLOCKS = YES;
				GCC_WARN_64_TO_32_BIT_CONVERSION = YES;
				GCC_WARN_ABOUT_RETURN_TYPE = YES_ERROR;
				GCC_WARN_UNDECLARED_SELECTOR = YES;
				GCC_WARN_UNINITIALIZED_AUTOS = YES_AGGRESSIVE;
				GCC_WARN_UNUSED_FUNCTION = YES;
				GCC_WARN_UNUSED_VARIABLE = YES;
				IPHONEOS_DEPLOYMENT_TARGET = 11.2;
				MTL_ENABLE_DEBUG_INFO = NO;
				SDKROOT = iphoneos;
				SWIFT_OPTIMIZATION_LEVEL = "-Owholemodule";
				VALIDATE_PRODUCT = YES;
			};
			name = Release;
		};
		9BC2E16A202CE8BF000B8E15 /* Debug */ = {
			isa = XCBuildConfiguration;
			baseConfigurationReference = 74012A726E5A09C37CC7BC02 /* Pods-Weasley Planner.debug.xcconfig */;
			buildSettings = {
				ASSETCATALOG_COMPILER_APPICON_NAME = AppIcon;
				CODE_SIGN_ENTITLEMENTS = "Weasley Planner/Weasley Planner.entitlements";
				CODE_SIGN_STYLE = Automatic;
				DEVELOPMENT_TEAM = 96SB47X67B;
				INFOPLIST_FILE = "Weasley Planner/Info.plist";
				LD_RUNPATH_SEARCH_PATHS = "$(inherited) @executable_path/Frameworks";
				PRODUCT_BUNDLE_IDENTIFIER = "com.CraunicProductions.Weasley-Planner";
				PRODUCT_NAME = "$(TARGET_NAME)";
				SWIFT_VERSION = 4.0;
				TARGETED_DEVICE_FAMILY = "1,2";
			};
			name = Debug;
		};
		9BC2E16B202CE8BF000B8E15 /* Release */ = {
			isa = XCBuildConfiguration;
			baseConfigurationReference = A16AA48C25D42BEB215907D7 /* Pods-Weasley Planner.release.xcconfig */;
			buildSettings = {
				ASSETCATALOG_COMPILER_APPICON_NAME = AppIcon;
				CODE_SIGN_ENTITLEMENTS = "Weasley Planner/Weasley Planner.entitlements";
				CODE_SIGN_STYLE = Automatic;
				DEVELOPMENT_TEAM = 96SB47X67B;
				INFOPLIST_FILE = "Weasley Planner/Info.plist";
				LD_RUNPATH_SEARCH_PATHS = "$(inherited) @executable_path/Frameworks";
				PRODUCT_BUNDLE_IDENTIFIER = "com.CraunicProductions.Weasley-Planner";
				PRODUCT_NAME = "$(TARGET_NAME)";
				SWIFT_VERSION = 4.0;
				TARGETED_DEVICE_FAMILY = "1,2";
			};
			name = Release;
		};
/* End XCBuildConfiguration section */

/* Begin XCConfigurationList section */
		9BC2E152202CE8BF000B8E15 /* Build configuration list for PBXProject "Weasley Planner" */ = {
			isa = XCConfigurationList;
			buildConfigurations = (
				9BC2E167202CE8BF000B8E15 /* Debug */,
				9BC2E168202CE8BF000B8E15 /* Release */,
			);
			defaultConfigurationIsVisible = 0;
			defaultConfigurationName = Release;
		};
		9BC2E169202CE8BF000B8E15 /* Build configuration list for PBXNativeTarget "Weasley Planner" */ = {
			isa = XCConfigurationList;
			buildConfigurations = (
				9BC2E16A202CE8BF000B8E15 /* Debug */,
				9BC2E16B202CE8BF000B8E15 /* Release */,
			);
			defaultConfigurationIsVisible = 0;
			defaultConfigurationName = Release;
		};
/* End XCConfigurationList section */
	};
	rootObject = 9BC2E14F202CE8BF000B8E15 /* Project object */;
}
